{
  "version": 2,
  "dependencies": {
    "net10.0": {
      "Microsoft.DotNet.ILCompiler": {
        "type": "Direct",
        "requested": "[10.0.11, )",
        "resolved": "10.0.11",
        "contentHash": "yloFUsIQOzspIsn2cDHrbgikKaWHAZspzj0EWxnWJJpFC89IBW64OXgCECsrrnzGWQvy1iLX9r5/R4zBf7Am3g=="
      },
      "Microsoft.NET.ILLink.Tasks": {
        "type": "Direct",
        "requested": "[10.0.11, )",
        "resolved": "10.0.11",
        "contentHash": "IBf7lbovvjGWVWXZX5cJ/cO0WXbId0Zq4BuSeT94mGZuOAP66oMeH9PTBZ9Jpp3Jb6jtK0qm/NyUbPRo1gC/wQ=="
      },
      "Microsoft.NETFramework.ReferenceAssemblies": {
        "type": "Direct",
        "requested": "[1.0.3, )",
        "resolved": "1.0.3",
        "contentHash": "vUc9Npcs14QsyOD01tnv/m8sQUnGTGOw1BCmKcv77LBJY7OxhJ+zJF7UD/sCL3lYNFuqmQEVlkfS4Quif6FyYg==",
        "dependencies": {
          "Microsoft.NETFramework.ReferenceAssemblies.net461": "1.0.3"
        }
      },
      "Microsoft.SourceLink.GitHub": {
        "type": "Direct",
        "requested": "[10.0.400, )",
        "resolved": "10.0.400",
        "contentHash": "N1Ut0+EmMb2Tma9spHxAgpCspkln4gst1RWYc1PYPn8LA4KJWDSiggKpE183lfR98TNG2C+XnJ71zSYtuCSsqA==",
        "dependencies": {
          "Microsoft.Build.Tasks.Git": "10.0.400",
          "Microsoft.SourceLink.Common": "10.0.400",
          "System.IO.Hashing": "10.0.11"
        }
      },
      "Microsoft.VisualStudio.Threading.Analyzers": {
        "type": "Direct",
        "requested": "[17.14.15, )",
        "resolved": "17.14.15",
        "contentHash": "mXQPJsbuUD2ydq4/ffd8h8tSOFCXec+2xJOVNCvXjuMOq/+5EKHq3D2m2MC2+nUaXeFMSt66VS/J4HdKBixgcw=="
      },
      "PolySharp": {
        "type": "Direct",
        "requested": "[1.16.0, )",
        "resolved": "1.16.0",
        "contentHash": "3kdIIceBPumwjw279FuiVMfVENT2cGASXJgcigdySsbX2dJB8ofUgG6i47yqF/k1qu6fvNR3csrSekZPviR6kQ=="
      },
      "Microsoft.Build.Tasks.Git": {
        "type": "Transitive",
        "resolved": "10.0.400",
        "contentHash": "uXJ/eBDqAo9HlyPjvvvynjHb59KXQWG9txpBzyI1drO6MV3Lhndt2yhxuMKvIga4kND2UKc3xCNXlXBhWU8Hlg==",
        "dependencies": {
          "System.IO.Hashing": "10.0.11"
        }
      },
      "Microsoft.NETFramework.ReferenceAssemblies.net461": {
        "type": "Transitive",
        "resolved": "1.0.3",
        "contentHash": "AmOJZwCqnOCNp6PPcf9joyogScWLtwy0M1WkqfEQ0M9nYwyDD7EX9ZjscKS5iYnyvteX7kzSKFCKt9I9dXA6mA=="
      },
      "Microsoft.SourceLink.Common": {
        "type": "Transitive",
        "resolved": "10.0.400",
        "contentHash": "Knli3Y2k/rdBqUlQ8TP+Sbd0J0jV/0kvgLsxieowoVayioZ0JGfqb9go+/dQJqtU53i6IpZzRxAPxbBT5UJBNg=="
      },
      "System.IO.Hashing": {
        "type": "Transitive",
        "resolved": "10.0.11",
        "contentHash": "OzKDcIRkeNJeC8qAsbn8yJXnfTLP1dtkWILe+T56Gf/z+IkAASi7sMqLqJQat08j5z/mRN5xVtoAwbkMNMoBUQ=="
      },
      "GrindCore.SharpCompress": {
        "type": "Project",
        "dependencies": {
          "GrindCore": "[0.9.0, )"
        }
      },
      "GrindCore": {
        "type": "CentralTransitive",
        "requested": "[0.9.0, )",
        "resolved": "0.9.0",
        "contentHash": "fxC/m8zAIMPm2F50MJvC0BZGeoJo/YfSDJKKlEAXS74Hi4BQqLv0F1EdyZZS2K/x2LnP+W44X4l2WDKz3hIcNQ=="
      }
    },
    "net10.0/linux-x64": {
      "Microsoft.DotNet.ILCompiler": {
        "type": "Direct",
        "requested": "[10.0.11, )",
        "resolved": "10.0.11",
        "contentHash": "yloFUsIQOzspIsn2cDHrbgikKaWHAZspzj0EWxnWJJpFC89IBW64OXgCECsrrnzGWQvy1iLX9r5/R4zBf7Am3g==",
        "dependencies": {
          "runtime.linux-x64.Microsoft.DotNet.ILCompiler": "10.0.11"
        }
      },
      "runtime.linux-x64.Microsoft.DotNet.ILCompiler": {
        "type": "Transitive",
        "resolved": "10.0.11",
        "contentHash": "0lJviBev2CvBdrLhMCJ1hmwOKgjbk1ccRy+brEewywtK4TMft1WaVXv112j6OuTQg8ZMbnN/i3KRD3S6o4NJDw=="
      },
      "GrindCore": {
        "type": "CentralTransitive",
        "requested": "[0.9.0, )",
        "resolved": "0.9.0",
        "contentHash": "fxC/m8zAIMPm2F50MJvC0BZGeoJo/YfSDJKKlEAXS74Hi4BQqLv0F1EdyZZS2K/x2LnP+W44X4l2WDKz3hIcNQ=="
      }
    }
  }
}